// !$*UTF8*$!
{
	archiveVersion = 1;
	classes = {
	};
	objectVersion = 50;
	objects = {

/* Begin PBXBuildFile section */
		177969F6C8FB41D54B17A10C /* Pods_ForcastUITests.framework in Frameworks */ = {isa = PBXBuildFile; fileRef = F452DD1A0A12571EF5ECE651 /* Pods_ForcastUITests.framework */; };
		6524BABD4CECEEF804B2B11C /* Pods_Forcast.framework in Frameworks */ = {isa = PBXBuildFile; fileRef = FA714ABD1B952CD701F38CE5 /* Pods_Forcast.framework */; };
		D31CC31A217E03CC00D6FFD1 /* AppDelegate.swift in Sources */ = {isa = PBXBuildFile; fileRef = D31CC319217E03CC00D6FFD1 /* AppDelegate.swift */; };
		D31CC332217E03CE00D6FFD1 /* ForcastTests.swift in Sources */ = {isa = PBXBuildFile; fileRef = D31CC331217E03CE00D6FFD1 /* ForcastTests.swift */; };
		D31CC33D217E03CE00D6FFD1 /* ForcastUITests.swift in Sources */ = {isa = PBXBuildFile; fileRef = D31CC33C217E03CE00D6FFD1 /* ForcastUITests.swift */; };
		D35C67E3217E25E7009CFDF8 /* Strings.swift in Sources */ = {isa = PBXBuildFile; fileRef = D35C67D0217E25E6009CFDF8 /* Strings.swift */; };
		D35C67E4217E25E7009CFDF8 /* colors.xml in Resources */ = {isa = PBXBuildFile; fileRef = D35C67D1217E25E7009CFDF8 /* colors.xml */; };
		D35C67E5217E25E7009CFDF8 /* Storyboards.swift in Sources */ = {isa = PBXBuildFile; fileRef = D35C67D2217E25E7009CFDF8 /* Storyboards.swift */; };
		D35C67E6217E25E7009CFDF8 /* Images.swift in Sources */ = {isa = PBXBuildFile; fileRef = D35C67D3217E25E7009CFDF8 /* Images.swift */; };
		D35C67E7217E25E7009CFDF8 /* Colors.swift in Sources */ = {isa = PBXBuildFile; fileRef = D35C67D4217E25E7009CFDF8 /* Colors.swift */; };
		D35C67E8217E25E7009CFDF8 /* ViewController.swift in Sources */ = {isa = PBXBuildFile; fileRef = D35C67D8217E25E7009CFDF8 /* ViewController.swift */; };
		D35C67E9217E25E7009CFDF8 /* Assets.xcassets in Resources */ = {isa = PBXBuildFile; fileRef = D35C67D9217E25E7009CFDF8 /* Assets.xcassets */; };
		D35C67EA217E25E7009CFDF8 /* LaunchScreen.storyboard in Resources */ = {isa = PBXBuildFile; fileRef = D35C67DA217E25E7009CFDF8 /* LaunchScreen.storyboard */; };
		D35C67EB217E25E7009CFDF8 /* Main.storyboard in Resources */ = {isa = PBXBuildFile; fileRef = D35C67DC217E25E7009CFDF8 /* Main.storyboard */; };
		D35C67EC217E25E7009CFDF8 /* Forcast.xcdatamodeld in Sources */ = {isa = PBXBuildFile; fileRef = D35C67DE217E25E7009CFDF8 /* Forcast.xcdatamodeld */; };
		D35C67F2217E37F9009CFDF8 /* AppCoordinator.swift in Sources */ = {isa = PBXBuildFile; fileRef = D35C67F1217E37F9009CFDF8 /* AppCoordinator.swift */; };
		D35C67F4217E383A009CFDF8 /* CitiesViewController.swift in Sources */ = {isa = PBXBuildFile; fileRef = D35C67F3217E383A009CFDF8 /* CitiesViewController.swift */; };
		D35C67F6217E38CB009CFDF8 /* Logs.swift in Sources */ = {isa = PBXBuildFile; fileRef = D35C67F5217E38CB009CFDF8 /* Logs.swift */; };
		D35C67F8217E38F1009CFDF8 /* CitiesViewController.storyboard in Resources */ = {isa = PBXBuildFile; fileRef = D35C67F7217E38F1009CFDF8 /* CitiesViewController.storyboard */; };
		D35C67FA217E3948009CFDF8 /* AddCityViewController.storyboard in Resources */ = {isa = PBXBuildFile; fileRef = D35C67F9217E3948009CFDF8 /* AddCityViewController.storyboard */; };
		D35C67FC217E3956009CFDF8 /* AddCityViewController.swift in Sources */ = {isa = PBXBuildFile; fileRef = D35C67FB217E3956009CFDF8 /* AddCityViewController.swift */; };
		D35C67FE217E3A0F009CFDF8 /* StoryboardBased.swift in Sources */ = {isa = PBXBuildFile; fileRef = D35C67FD217E3A0F009CFDF8 /* StoryboardBased.swift */; };
		D35C680D217E4459009CFDF8 /* LaunchScreen.storyboard in Resources */ = {isa = PBXBuildFile; fileRef = D35C6800217E4459009CFDF8 /* LaunchScreen.storyboard */; };
		D35C680E217E4459009CFDF8 /* Main.storyboard in Resources */ = {isa = PBXBuildFile; fileRef = D35C6802217E4459009CFDF8 /* Main.storyboard */; };
		D35C680F217E4459009CFDF8 /* Localizable.strings in Resources */ = {isa = PBXBuildFile; fileRef = D35C6804217E4459009CFDF8 /* Localizable.strings */; };
		D35C6810217E4459009CFDF8 /* Localizable.stringsdict in Resources */ = {isa = PBXBuildFile; fileRef = D35C6806217E4459009CFDF8 /* Localizable.stringsdict */; };
		D35C6811217E4459009CFDF8 /* Localizable.strings in Resources */ = {isa = PBXBuildFile; fileRef = D35C6809217E4459009CFDF8 /* Localizable.strings */; };
		D35C6812217E4459009CFDF8 /* Localizable.stringsdict in Resources */ = {isa = PBXBuildFile; fileRef = D35C680B217E4459009CFDF8 /* Localizable.stringsdict */; };
		D35C6814217F0FD1009CFDF8 /* FCCity.swift in Sources */ = {isa = PBXBuildFile; fileRef = D35C6813217F0FD1009CFDF8 /* FCCity.swift */; };
		D35C6816217F0FDF009CFDF8 /* FCWeather.swift in Sources */ = {isa = PBXBuildFile; fileRef = D35C6815217F0FDF009CFDF8 /* FCWeather.swift */; };
		D35C6818217F516D009CFDF8 /* FCCoord.swift in Sources */ = {isa = PBXBuildFile; fileRef = D35C6817217F516D009CFDF8 /* FCCoord.swift */; };
		D35C681A217F518D009CFDF8 /* FCMain.swift in Sources */ = {isa = PBXBuildFile; fileRef = D35C6819217F518D009CFDF8 /* FCMain.swift */; };
		D35C681C217F5199009CFDF8 /* FCAnalysis.swift in Sources */ = {isa = PBXBuildFile; fileRef = D35C681B217F5199009CFDF8 /* FCAnalysis.swift */; };
		D35C681E217F51C4009CFDF8 /* FCClouds.swift in Sources */ = {isa = PBXBuildFile; fileRef = D35C681D217F51C4009CFDF8 /* FCClouds.swift */; };
		D35C6820217F51CB009CFDF8 /* FCWind.swift in Sources */ = {isa = PBXBuildFile; fileRef = D35C681F217F51CB009CFDF8 /* FCWind.swift */; };
		D35C6822217F52E6009CFDF8 /* FCRain.swift in Sources */ = {isa = PBXBuildFile; fileRef = D35C6821217F52E6009CFDF8 /* FCRain.swift */; };
		D35C6824217F6E3C009CFDF8 /* Environment.swift in Sources */ = {isa = PBXBuildFile; fileRef = D35C6823217F6E3C009CFDF8 /* Environment.swift */; };
		D35C6826217F6E52009CFDF8 /* Routes.swift in Sources */ = {isa = PBXBuildFile; fileRef = D35C6825217F6E52009CFDF8 /* Routes.swift */; };
		D35C6828217F6E6A009CFDF8 /* WebServices.swift in Sources */ = {isa = PBXBuildFile; fileRef = D35C6827217F6E6A009CFDF8 /* WebServices.swift */; };
		D35C682A217F6E8E009CFDF8 /* JSONSerializer.swift in Sources */ = {isa = PBXBuildFile; fileRef = D35C6829217F6E8E009CFDF8 /* JSONSerializer.swift */; };
		D35C682C217F7320009CFDF8 /* Realm.swift in Sources */ = {isa = PBXBuildFile; fileRef = D35C682B217F7320009CFDF8 /* Realm.swift */; };
		D390BB87217F7BFC00492670 /* FooterView.swift in Sources */ = {isa = PBXBuildFile; fileRef = D390BB86217F7BFC00492670 /* FooterView.swift */; };
		D390BB89217F7C0E00492670 /* FooterView.xib in Resources */ = {isa = PBXBuildFile; fileRef = D390BB88217F7C0E00492670 /* FooterView.xib */; };
		D390BB8B217F7C3D00492670 /* CityCell.swift in Sources */ = {isa = PBXBuildFile; fileRef = D390BB8A217F7C3D00492670 /* CityCell.swift */; };
		D390BB8D217F7C4400492670 /* CityCell.xib in Resources */ = {isa = PBXBuildFile; fileRef = D390BB8C217F7C4400492670 /* CityCell.xib */; };
		D390BB8F21809A0300492670 /* UserDefaults.swift in Sources */ = {isa = PBXBuildFile; fileRef = D390BB8E21809A0300492670 /* UserDefaults.swift */; };
		D390BB922180A80F00492670 /* WeatherCell.swift in Sources */ = {isa = PBXBuildFile; fileRef = D390BB912180A80F00492670 /* WeatherCell.swift */; };
		D390BB942180A81700492670 /* WeatherCell.xib in Resources */ = {isa = PBXBuildFile; fileRef = D390BB932180A81700492670 /* WeatherCell.xib */; };
		D390BB962180ABE800492670 /* WeatherBubbleInfoView.swift in Sources */ = {isa = PBXBuildFile; fileRef = D390BB952180ABE800492670 /* WeatherBubbleInfoView.swift */; };
		D390BB982180ABF900492670 /* WeatherBubbleInfoView.xib in Resources */ = {isa = PBXBuildFile; fileRef = D390BB972180ABF900492670 /* WeatherBubbleInfoView.xib */; };
		D3C047912180CB5C00F8BDDC /* CityViewController.swift in Sources */ = {isa = PBXBuildFile; fileRef = D3C047902180CB5C00F8BDDC /* CityViewController.swift */; };
		D3C047932180CB6C00F8BDDC /* CityViewController.storyboard in Resources */ = {isa = PBXBuildFile; fileRef = D3C047922180CB6C00F8BDDC /* CityViewController.storyboard */; };
		D3C047962181B61D00F8BDDC /* CityHeaderCell.swift in Sources */ = {isa = PBXBuildFile; fileRef = D3C047952181B61D00F8BDDC /* CityHeaderCell.swift */; };
		D3C047982181B65C00F8BDDC /* CityHeaderCell.xib in Resources */ = {isa = PBXBuildFile; fileRef = D3C047972181B65C00F8BDDC /* CityHeaderCell.xib */; };
		D3C0479A2181B69100F8BDDC /* CityStatsCell.swift in Sources */ = {isa = PBXBuildFile; fileRef = D3C047992181B69100F8BDDC /* CityStatsCell.swift */; };
		D3C0479C2181B6A200F8BDDC /* CityStatsCell.xib in Resources */ = {isa = PBXBuildFile; fileRef = D3C0479B2181B6A200F8BDDC /* CityStatsCell.xib */; };
		D3C0479E2181B6AF00F8BDDC /* CityForecastCell.swift in Sources */ = {isa = PBXBuildFile; fileRef = D3C0479D2181B6AF00F8BDDC /* CityForecastCell.swift */; };
		D3C047A02181B6E700F8BDDC /* CityForecastCell.xib in Resources */ = {isa = PBXBuildFile; fileRef = D3C0479F2181B6E700F8BDDC /* CityForecastCell.xib */; };
		EC862C1C505DCF6246D46DB0 /* Pods_ForcastTests.framework in Frameworks */ = {isa = PBXBuildFile; fileRef = 0714CE4871FF4F21AE8C5101 /* Pods_ForcastTests.framework */; };
/* End PBXBuildFile section */

/* Begin PBXContainerItemProxy section */
		D31CC32E217E03CE00D6FFD1 /* PBXContainerItemProxy */ = {
			isa = PBXContainerItemProxy;
			containerPortal = D31CC30E217E03CC00D6FFD1 /* Project object */;
			proxyType = 1;
			remoteGlobalIDString = D31CC315217E03CC00D6FFD1;
			remoteInfo = Forcast;
		};
		D31CC339217E03CE00D6FFD1 /* PBXContainerItemProxy */ = {
			isa = PBXContainerItemProxy;
			containerPortal = D31CC30E217E03CC00D6FFD1 /* Project object */;
			proxyType = 1;
			remoteGlobalIDString = D31CC315217E03CC00D6FFD1;
			remoteInfo = Forcast;
		};
/* End PBXContainerItemProxy section */

/* Begin PBXFileReference section */
		0714CE4871FF4F21AE8C5101 /* Pods_ForcastTests.framework */ = {isa = PBXFileReference; explicitFileType = wrapper.framework; includeInIndex = 0; path = Pods_ForcastTests.framework; sourceTree = BUILT_PRODUCTS_DIR; };
		15DC27BF51AD7960F7FBB229 /* Pods-ForcastTests.debug.xcconfig */ = {isa = PBXFileReference; includeInIndex = 1; lastKnownFileType = text.xcconfig; name = "Pods-ForcastTests.debug.xcconfig"; path = "Pods/Target Support Files/Pods-ForcastTests/Pods-ForcastTests.debug.xcconfig"; sourceTree = "<group>"; };
		21CE666612063207E7871EB1 /* Pods-ForcastUITests.release.xcconfig */ = {isa = PBXFileReference; includeInIndex = 1; lastKnownFileType = text.xcconfig; name = "Pods-ForcastUITests.release.xcconfig"; path = "Pods/Target Support Files/Pods-ForcastUITests/Pods-ForcastUITests.release.xcconfig"; sourceTree = "<group>"; };
		9A7BFDC8ADDA58B423AA0BCA /* Pods-Forcast.release.xcconfig */ = {isa = PBXFileReference; includeInIndex = 1; lastKnownFileType = text.xcconfig; name = "Pods-Forcast.release.xcconfig"; path = "Pods/Target Support Files/Pods-Forcast/Pods-Forcast.release.xcconfig"; sourceTree = "<group>"; };
		9E6A06FC154526577D54C02A /* Pods-Forcast.debug.xcconfig */ = {isa = PBXFileReference; includeInIndex = 1; lastKnownFileType = text.xcconfig; name = "Pods-Forcast.debug.xcconfig"; path = "Pods/Target Support Files/Pods-Forcast/Pods-Forcast.debug.xcconfig"; sourceTree = "<group>"; };
		D31CC316217E03CC00D6FFD1 /* Forcast.app */ = {isa = PBXFileReference; explicitFileType = wrapper.application; includeInIndex = 0; path = Forcast.app; sourceTree = BUILT_PRODUCTS_DIR; };
		D31CC319217E03CC00D6FFD1 /* AppDelegate.swift */ = {isa = PBXFileReference; lastKnownFileType = sourcecode.swift; path = AppDelegate.swift; sourceTree = "<group>"; };
		D31CC32D217E03CE00D6FFD1 /* ForcastTests.xctest */ = {isa = PBXFileReference; explicitFileType = wrapper.cfbundle; includeInIndex = 0; path = ForcastTests.xctest; sourceTree = BUILT_PRODUCTS_DIR; };
		D31CC331217E03CE00D6FFD1 /* ForcastTests.swift */ = {isa = PBXFileReference; lastKnownFileType = sourcecode.swift; path = ForcastTests.swift; sourceTree = "<group>"; };
		D31CC333217E03CE00D6FFD1 /* Info.plist */ = {isa = PBXFileReference; lastKnownFileType = text.plist.xml; path = Info.plist; sourceTree = "<group>"; };
		D31CC338217E03CE00D6FFD1 /* ForcastUITests.xctest */ = {isa = PBXFileReference; explicitFileType = wrapper.cfbundle; includeInIndex = 0; path = ForcastUITests.xctest; sourceTree = BUILT_PRODUCTS_DIR; };
		D31CC33C217E03CE00D6FFD1 /* ForcastUITests.swift */ = {isa = PBXFileReference; lastKnownFileType = sourcecode.swift; path = ForcastUITests.swift; sourceTree = "<group>"; };
		D31CC33E217E03CE00D6FFD1 /* Info.plist */ = {isa = PBXFileReference; lastKnownFileType = text.plist.xml; path = Info.plist; sourceTree = "<group>"; };
		D35C67D0217E25E6009CFDF8 /* Strings.swift */ = {isa = PBXFileReference; fileEncoding = 4; lastKnownFileType = sourcecode.swift; path = Strings.swift; sourceTree = "<group>"; };
		D35C67D1217E25E7009CFDF8 /* colors.xml */ = {isa = PBXFileReference; fileEncoding = 4; lastKnownFileType = text.xml; path = colors.xml; sourceTree = "<group>"; };
		D35C67D2217E25E7009CFDF8 /* Storyboards.swift */ = {isa = PBXFileReference; fileEncoding = 4; lastKnownFileType = sourcecode.swift; path = Storyboards.swift; sourceTree = "<group>"; };
		D35C67D3217E25E7009CFDF8 /* Images.swift */ = {isa = PBXFileReference; fileEncoding = 4; lastKnownFileType = sourcecode.swift; path = Images.swift; sourceTree = "<group>"; };
		D35C67D4217E25E7009CFDF8 /* Colors.swift */ = {isa = PBXFileReference; fileEncoding = 4; lastKnownFileType = sourcecode.swift; path = Colors.swift; sourceTree = "<group>"; };
		D35C67D8217E25E7009CFDF8 /* ViewController.swift */ = {isa = PBXFileReference; fileEncoding = 4; lastKnownFileType = sourcecode.swift; path = ViewController.swift; sourceTree = "<group>"; };
		D35C67D9217E25E7009CFDF8 /* Assets.xcassets */ = {isa = PBXFileReference; lastKnownFileType = folder.assetcatalog; path = Assets.xcassets; sourceTree = "<group>"; };
		D35C67DB217E25E7009CFDF8 /* Base */ = {isa = PBXFileReference; lastKnownFileType = file.storyboard; name = Base; path = Base.lproj/LaunchScreen.storyboard; sourceTree = "<group>"; };
		D35C67DD217E25E7009CFDF8 /* Base */ = {isa = PBXFileReference; lastKnownFileType = file.storyboard; name = Base; path = Base.lproj/Main.storyboard; sourceTree = "<group>"; };
		D35C67DF217E25E7009CFDF8 /* Forcast.xcdatamodel */ = {isa = PBXFileReference; lastKnownFileType = wrapper.xcdatamodel; path = Forcast.xcdatamodel; sourceTree = "<group>"; };
		D35C67E0217E25E7009CFDF8 /* Info.plist */ = {isa = PBXFileReference; fileEncoding = 4; lastKnownFileType = text.plist.xml; path = Info.plist; sourceTree = "<group>"; };
		D35C67F1217E37F9009CFDF8 /* AppCoordinator.swift */ = {isa = PBXFileReference; lastKnownFileType = sourcecode.swift; path = AppCoordinator.swift; sourceTree = "<group>"; };
		D35C67F3217E383A009CFDF8 /* CitiesViewController.swift */ = {isa = PBXFileReference; lastKnownFileType = sourcecode.swift; path = CitiesViewController.swift; sourceTree = "<group>"; };
		D35C67F5217E38CB009CFDF8 /* Logs.swift */ = {isa = PBXFileReference; lastKnownFileType = sourcecode.swift; path = Logs.swift; sourceTree = "<group>"; };
		D35C67F7217E38F1009CFDF8 /* CitiesViewController.storyboard */ = {isa = PBXFileReference; lastKnownFileType = file.storyboard; path = CitiesViewController.storyboard; sourceTree = "<group>"; };
		D35C67F9217E3948009CFDF8 /* AddCityViewController.storyboard */ = {isa = PBXFileReference; lastKnownFileType = file.storyboard; path = AddCityViewController.storyboard; sourceTree = "<group>"; };
		D35C67FB217E3956009CFDF8 /* AddCityViewController.swift */ = {isa = PBXFileReference; lastKnownFileType = sourcecode.swift; path = AddCityViewController.swift; sourceTree = "<group>"; };
		D35C67FD217E3A0F009CFDF8 /* StoryboardBased.swift */ = {isa = PBXFileReference; lastKnownFileType = sourcecode.swift; path = StoryboardBased.swift; sourceTree = "<group>"; };
		D35C6801217E4459009CFDF8 /* Base */ = {isa = PBXFileReference; lastKnownFileType = file.storyboard; name = Base; path = LaunchScreen.storyboard; sourceTree = "<group>"; };
		D35C6803217E4459009CFDF8 /* Base */ = {isa = PBXFileReference; lastKnownFileType = file.storyboard; name = Base; path = Main.storyboard; sourceTree = "<group>"; };
		D35C6805217E4459009CFDF8 /* Base */ = {isa = PBXFileReference; lastKnownFileType = text.plist.strings; name = Base; path = Localizable.strings; sourceTree = "<group>"; };
		D35C6807217E4459009CFDF8 /* Base */ = {isa = PBXFileReference; lastKnownFileType = text.plist.stringsdict; name = Base; path = Localizable.stringsdict; sourceTree = "<group>"; };
		D35C680A217E4459009CFDF8 /* fr */ = {isa = PBXFileReference; lastKnownFileType = text.plist.strings; name = fr; path = Localizable.strings; sourceTree = "<group>"; };
		D35C680C217E4459009CFDF8 /* fr */ = {isa = PBXFileReference; lastKnownFileType = text.plist.stringsdict; name = fr; path = Localizable.stringsdict; sourceTree = "<group>"; };
		D35C6813217F0FD1009CFDF8 /* FCCity.swift */ = {isa = PBXFileReference; lastKnownFileType = sourcecode.swift; path = FCCity.swift; sourceTree = "<group>"; };
		D35C6815217F0FDF009CFDF8 /* FCWeather.swift */ = {isa = PBXFileReference; lastKnownFileType = sourcecode.swift; path = FCWeather.swift; sourceTree = "<group>"; };
		D35C6817217F516D009CFDF8 /* FCCoord.swift */ = {isa = PBXFileReference; lastKnownFileType = sourcecode.swift; path = FCCoord.swift; sourceTree = "<group>"; };
		D35C6819217F518D009CFDF8 /* FCMain.swift */ = {isa = PBXFileReference; lastKnownFileType = sourcecode.swift; path = FCMain.swift; sourceTree = "<group>"; };
		D35C681B217F5199009CFDF8 /* FCAnalysis.swift */ = {isa = PBXFileReference; lastKnownFileType = sourcecode.swift; path = FCAnalysis.swift; sourceTree = "<group>"; };
		D35C681D217F51C4009CFDF8 /* FCClouds.swift */ = {isa = PBXFileReference; lastKnownFileType = sourcecode.swift; path = FCClouds.swift; sourceTree = "<group>"; };
		D35C681F217F51CB009CFDF8 /* FCWind.swift */ = {isa = PBXFileReference; lastKnownFileType = sourcecode.swift; path = FCWind.swift; sourceTree = "<group>"; };
		D35C6821217F52E6009CFDF8 /* FCRain.swift */ = {isa = PBXFileReference; lastKnownFileType = sourcecode.swift; path = FCRain.swift; sourceTree = "<group>"; };
		D35C6823217F6E3C009CFDF8 /* Environment.swift */ = {isa = PBXFileReference; lastKnownFileType = sourcecode.swift; path = Environment.swift; sourceTree = "<group>"; };
		D35C6825217F6E52009CFDF8 /* Routes.swift */ = {isa = PBXFileReference; lastKnownFileType = sourcecode.swift; path = Routes.swift; sourceTree = "<group>"; };
		D35C6827217F6E6A009CFDF8 /* WebServices.swift */ = {isa = PBXFileReference; lastKnownFileType = sourcecode.swift; path = WebServices.swift; sourceTree = "<group>"; };
		D35C6829217F6E8E009CFDF8 /* JSONSerializer.swift */ = {isa = PBXFileReference; lastKnownFileType = sourcecode.swift; path = JSONSerializer.swift; sourceTree = "<group>"; };
		D35C682B217F7320009CFDF8 /* Realm.swift */ = {isa = PBXFileReference; lastKnownFileType = sourcecode.swift; path = Realm.swift; sourceTree = "<group>"; };
		D390BB86217F7BFC00492670 /* FooterView.swift */ = {isa = PBXFileReference; lastKnownFileType = sourcecode.swift; path = FooterView.swift; sourceTree = "<group>"; };
		D390BB88217F7C0E00492670 /* FooterView.xib */ = {isa = PBXFileReference; lastKnownFileType = file.xib; path = FooterView.xib; sourceTree = "<group>"; };
		D390BB8A217F7C3D00492670 /* CityCell.swift */ = {isa = PBXFileReference; lastKnownFileType = sourcecode.swift; path = CityCell.swift; sourceTree = "<group>"; };
		D390BB8C217F7C4400492670 /* CityCell.xib */ = {isa = PBXFileReference; lastKnownFileType = file.xib; path = CityCell.xib; sourceTree = "<group>"; };
		D390BB8E21809A0300492670 /* UserDefaults.swift */ = {isa = PBXFileReference; lastKnownFileType = sourcecode.swift; path = UserDefaults.swift; sourceTree = "<group>"; };
		D390BB912180A80F00492670 /* WeatherCell.swift */ = {isa = PBXFileReference; lastKnownFileType = sourcecode.swift; path = WeatherCell.swift; sourceTree = "<group>"; };
		D390BB932180A81700492670 /* WeatherCell.xib */ = {isa = PBXFileReference; lastKnownFileType = file.xib; path = WeatherCell.xib; sourceTree = "<group>"; };
		D390BB952180ABE800492670 /* WeatherBubbleInfoView.swift */ = {isa = PBXFileReference; lastKnownFileType = sourcecode.swift; path = WeatherBubbleInfoView.swift; sourceTree = "<group>"; };
		D390BB972180ABF900492670 /* WeatherBubbleInfoView.xib */ = {isa = PBXFileReference; lastKnownFileType = file.xib; path = WeatherBubbleInfoView.xib; sourceTree = "<group>"; };
		D3C047902180CB5C00F8BDDC /* CityViewController.swift */ = {isa = PBXFileReference; lastKnownFileType = sourcecode.swift; path = CityViewController.swift; sourceTree = "<group>"; };
		D3C047922180CB6C00F8BDDC /* CityViewController.storyboard */ = {isa = PBXFileReference; lastKnownFileType = file.storyboard; path = CityViewController.storyboard; sourceTree = "<group>"; };
		D3C047952181B61D00F8BDDC /* CityHeaderCell.swift */ = {isa = PBXFileReference; lastKnownFileType = sourcecode.swift; path = CityHeaderCell.swift; sourceTree = "<group>"; };
		D3C047972181B65C00F8BDDC /* CityHeaderCell.xib */ = {isa = PBXFileReference; lastKnownFileType = file.xib; path = CityHeaderCell.xib; sourceTree = "<group>"; };
		D3C047992181B69100F8BDDC /* CityStatsCell.swift */ = {isa = PBXFileReference; lastKnownFileType = sourcecode.swift; path = CityStatsCell.swift; sourceTree = "<group>"; };
		D3C0479B2181B6A200F8BDDC /* CityStatsCell.xib */ = {isa = PBXFileReference; lastKnownFileType = file.xib; path = CityStatsCell.xib; sourceTree = "<group>"; };
		D3C0479D2181B6AF00F8BDDC /* CityForecastCell.swift */ = {isa = PBXFileReference; lastKnownFileType = sourcecode.swift; path = CityForecastCell.swift; sourceTree = "<group>"; };
		D3C0479F2181B6E700F8BDDC /* CityForecastCell.xib */ = {isa = PBXFileReference; lastKnownFileType = file.xib; path = CityForecastCell.xib; sourceTree = "<group>"; };
		DCC0A191C87C94C707CE9575 /* Pods-ForcastTests.release.xcconfig */ = {isa = PBXFileReference; includeInIndex = 1; lastKnownFileType = text.xcconfig; name = "Pods-ForcastTests.release.xcconfig"; path = "Pods/Target Support Files/Pods-ForcastTests/Pods-ForcastTests.release.xcconfig"; sourceTree = "<group>"; };
		F452DD1A0A12571EF5ECE651 /* Pods_ForcastUITests.framework */ = {isa = PBXFileReference; explicitFileType = wrapper.framework; includeInIndex = 0; path = Pods_ForcastUITests.framework; sourceTree = BUILT_PRODUCTS_DIR; };
		FA714ABD1B952CD701F38CE5 /* Pods_Forcast.framework */ = {isa = PBXFileReference; explicitFileType = wrapper.framework; includeInIndex = 0; path = Pods_Forcast.framework; sourceTree = BUILT_PRODUCTS_DIR; };
		FB036E52D18AE386E00DC421 /* Pods-ForcastUITests.debug.xcconfig */ = {isa = PBXFileReference; includeInIndex = 1; lastKnownFileType = text.xcconfig; name = "Pods-ForcastUITests.debug.xcconfig"; path = "Pods/Target Support Files/Pods-ForcastUITests/Pods-ForcastUITests.debug.xcconfig"; sourceTree = "<group>"; };
/* End PBXFileReference section */

/* Begin PBXFrameworksBuildPhase section */
		D31CC313217E03CC00D6FFD1 /* Frameworks */ = {
			isa = PBXFrameworksBuildPhase;
			buildActionMask = 2147483647;
			files = (
				6524BABD4CECEEF804B2B11C /* Pods_Forcast.framework in Frameworks */,
			);
			runOnlyForDeploymentPostprocessing = 0;
		};
		D31CC32A217E03CE00D6FFD1 /* Frameworks */ = {
			isa = PBXFrameworksBuildPhase;
			buildActionMask = 2147483647;
			files = (
				EC862C1C505DCF6246D46DB0 /* Pods_ForcastTests.framework in Frameworks */,
			);
			runOnlyForDeploymentPostprocessing = 0;
		};
		D31CC335217E03CE00D6FFD1 /* Frameworks */ = {
			isa = PBXFrameworksBuildPhase;
			buildActionMask = 2147483647;
			files = (
				177969F6C8FB41D54B17A10C /* Pods_ForcastUITests.framework in Frameworks */,
			);
			runOnlyForDeploymentPostprocessing = 0;
		};
/* End PBXFrameworksBuildPhase section */

/* Begin PBXGroup section */
		4B6E84DD29A0DA5BF1A21439 /* Frameworks */ = {
			isa = PBXGroup;
			children = (
				FA714ABD1B952CD701F38CE5 /* Pods_Forcast.framework */,
				0714CE4871FF4F21AE8C5101 /* Pods_ForcastTests.framework */,
				F452DD1A0A12571EF5ECE651 /* Pods_ForcastUITests.framework */,
			);
			name = Frameworks;
			sourceTree = "<group>";
		};
		99F9D69BC6FE5BF1629D42C0 /* Pods */ = {
			isa = PBXGroup;
			children = (
				9E6A06FC154526577D54C02A /* Pods-Forcast.debug.xcconfig */,
				9A7BFDC8ADDA58B423AA0BCA /* Pods-Forcast.release.xcconfig */,
				15DC27BF51AD7960F7FBB229 /* Pods-ForcastTests.debug.xcconfig */,
				DCC0A191C87C94C707CE9575 /* Pods-ForcastTests.release.xcconfig */,
				FB036E52D18AE386E00DC421 /* Pods-ForcastUITests.debug.xcconfig */,
				21CE666612063207E7871EB1 /* Pods-ForcastUITests.release.xcconfig */,
			);
			name = Pods;
			sourceTree = "<group>";
		};
		D31CC30D217E03CC00D6FFD1 = {
			isa = PBXGroup;
			children = (
				D31CC318217E03CC00D6FFD1 /* Forcast */,
				D31CC330217E03CE00D6FFD1 /* ForcastTests */,
				D31CC33B217E03CE00D6FFD1 /* ForcastUITests */,
				D31CC317217E03CC00D6FFD1 /* Products */,
				99F9D69BC6FE5BF1629D42C0 /* Pods */,
				4B6E84DD29A0DA5BF1A21439 /* Frameworks */,
			);
			sourceTree = "<group>";
		};
		D31CC317217E03CC00D6FFD1 /* Products */ = {
			isa = PBXGroup;
			children = (
				D31CC316217E03CC00D6FFD1 /* Forcast.app */,
				D31CC32D217E03CE00D6FFD1 /* ForcastTests.xctest */,
				D31CC338217E03CE00D6FFD1 /* ForcastUITests.xctest */,
			);
			name = Products;
			sourceTree = "<group>";
		};
		D31CC318217E03CC00D6FFD1 /* Forcast */ = {
			isa = PBXGroup;
			children = (
				D31CC319217E03CC00D6FFD1 /* AppDelegate.swift */,
				D35C67CF217E25E6009CFDF8 /* Constants */,
				D35C67C7217E25E6009CFDF8 /* Coordinators */,
				D35C67D6217E25E7009CFDF8 /* Models */,
				D35C67C6217E25E6009CFDF8 /* Services */,
				D35C67C8217E25E6009CFDF8 /* Application */,
				D35C67E1217E25E7009CFDF8 /* Extensions */,
				D35C67E2217E25E7009CFDF8 /* Protocols */,
				D35C67D7217E25E7009CFDF8 /* Resources */,
				D35C67D5217E25E7009CFDF8 /* Utils */,
			);
			path = Forcast;
			sourceTree = "<group>";
		};
		D31CC330217E03CE00D6FFD1 /* ForcastTests */ = {
			isa = PBXGroup;
			children = (
				D31CC331217E03CE00D6FFD1 /* ForcastTests.swift */,
				D31CC333217E03CE00D6FFD1 /* Info.plist */,
			);
			path = ForcastTests;
			sourceTree = "<group>";
		};
		D31CC33B217E03CE00D6FFD1 /* ForcastUITests */ = {
			isa = PBXGroup;
			children = (
				D31CC33C217E03CE00D6FFD1 /* ForcastUITests.swift */,
				D31CC33E217E03CE00D6FFD1 /* Info.plist */,
			);
			path = ForcastUITests;
			sourceTree = "<group>";
		};
		D35C67C6217E25E6009CFDF8 /* Services */ = {
			isa = PBXGroup;
			children = (
				D35C6823217F6E3C009CFDF8 /* Environment.swift */,
				D35C6825217F6E52009CFDF8 /* Routes.swift */,
				D35C6827217F6E6A009CFDF8 /* WebServices.swift */,
				D35C6829217F6E8E009CFDF8 /* JSONSerializer.swift */,
			);
			path = Services;
			sourceTree = "<group>";
		};
		D35C67C7217E25E6009CFDF8 /* Coordinators */ = {
			isa = PBXGroup;
			children = (
				D35C67F1217E37F9009CFDF8 /* AppCoordinator.swift */,
			);
			path = Coordinators;
			sourceTree = "<group>";
		};
		D35C67C8217E25E6009CFDF8 /* Application */ = {
			isa = PBXGroup;
			children = (
				D35C67CE217E25E6009CFDF8 /* Cities */,
				D35C67C9217E25E6009CFDF8 /* City */,
				D35C67CD217E25E6009CFDF8 /* AddCity */,
				D35C67CA217E25E6009CFDF8 /* Shared */,
			);
			path = Application;
			sourceTree = "<group>";
		};
		D35C67C9217E25E6009CFDF8 /* City */ = {
			isa = PBXGroup;
			children = (
				D3C047902180CB5C00F8BDDC /* CityViewController.swift */,
				D3C047922180CB6C00F8BDDC /* CityViewController.storyboard */,
				D3C047942181B60800F8BDDC /* Cells */,
			);
			path = City;
			sourceTree = "<group>";
		};
		D35C67CA217E25E6009CFDF8 /* Shared */ = {
			isa = PBXGroup;
			children = (
				D390BB902180A80400492670 /* CollectionViewCells */,
				D35C67CB217E25E6009CFDF8 /* TableViewCells */,
				D35C67CC217E25E6009CFDF8 /* Views */,
			);
			path = Shared;
			sourceTree = "<group>";
		};
		D35C67CB217E25E6009CFDF8 /* TableViewCells */ = {
			isa = PBXGroup;
			children = (
				D390BB8A217F7C3D00492670 /* CityCell.swift */,
				D390BB8C217F7C4400492670 /* CityCell.xib */,
			);
			path = TableViewCells;
			sourceTree = "<group>";
		};
		D35C67CC217E25E6009CFDF8 /* Views */ = {
			isa = PBXGroup;
			children = (
				D390BB86217F7BFC00492670 /* FooterView.swift */,
				D390BB88217F7C0E00492670 /* FooterView.xib */,
				D390BB952180ABE800492670 /* WeatherBubbleInfoView.swift */,
				D390BB972180ABF900492670 /* WeatherBubbleInfoView.xib */,
			);
			path = Views;
			sourceTree = "<group>";
		};
		D35C67CD217E25E6009CFDF8 /* AddCity */ = {
			isa = PBXGroup;
			children = (
				D35C67FB217E3956009CFDF8 /* AddCityViewController.swift */,
				D35C67F9217E3948009CFDF8 /* AddCityViewController.storyboard */,
			);
			path = AddCity;
			sourceTree = "<group>";
		};
		D35C67CE217E25E6009CFDF8 /* Cities */ = {
			isa = PBXGroup;
			children = (
				D35C67F3217E383A009CFDF8 /* CitiesViewController.swift */,
				D35C67F7217E38F1009CFDF8 /* CitiesViewController.storyboard */,
			);
			path = Cities;
			sourceTree = "<group>";
		};
		D35C67CF217E25E6009CFDF8 /* Constants */ = {
			isa = PBXGroup;
			children = (
				D35C67D0217E25E6009CFDF8 /* Strings.swift */,
				D35C67D1217E25E7009CFDF8 /* colors.xml */,
				D35C67D2217E25E7009CFDF8 /* Storyboards.swift */,
				D35C67D3217E25E7009CFDF8 /* Images.swift */,
				D35C67D4217E25E7009CFDF8 /* Colors.swift */,
			);
			path = Constants;
			sourceTree = "<group>";
		};
		D35C67D5217E25E7009CFDF8 /* Utils */ = {
			isa = PBXGroup;
			children = (
				D35C67F5217E38CB009CFDF8 /* Logs.swift */,
			);
			path = Utils;
			sourceTree = "<group>";
		};
		D35C67D6217E25E7009CFDF8 /* Models */ = {
			isa = PBXGroup;
			children = (
				D35C6813217F0FD1009CFDF8 /* FCCity.swift */,
				D35C6815217F0FDF009CFDF8 /* FCWeather.swift */,
				D35C6817217F516D009CFDF8 /* FCCoord.swift */,
				D35C6819217F518D009CFDF8 /* FCMain.swift */,
				D35C681B217F5199009CFDF8 /* FCAnalysis.swift */,
				D35C681D217F51C4009CFDF8 /* FCClouds.swift */,
				D35C681F217F51CB009CFDF8 /* FCWind.swift */,
				D35C6821217F52E6009CFDF8 /* FCRain.swift */,
			);
			path = Models;
			sourceTree = "<group>";
		};
		D35C67D7217E25E7009CFDF8 /* Resources */ = {
			isa = PBXGroup;
			children = (
				D35C67FF217E4459009CFDF8 /* Base.lproj */,
				D35C6808217E4459009CFDF8 /* fr.lproj */,
				D35C67D8217E25E7009CFDF8 /* ViewController.swift */,
				D35C67D9217E25E7009CFDF8 /* Assets.xcassets */,
				D35C67DA217E25E7009CFDF8 /* LaunchScreen.storyboard */,
				D35C67DC217E25E7009CFDF8 /* Main.storyboard */,
				D35C67DE217E25E7009CFDF8 /* Forcast.xcdatamodeld */,
				D35C67E0217E25E7009CFDF8 /* Info.plist */,
			);
			path = Resources;
			sourceTree = "<group>";
		};
		D35C67E1217E25E7009CFDF8 /* Extensions */ = {
			isa = PBXGroup;
			children = (
				D35C682B217F7320009CFDF8 /* Realm.swift */,
				D390BB8E21809A0300492670 /* UserDefaults.swift */,
			);
			path = Extensions;
			sourceTree = "<group>";
		};
		D35C67E2217E25E7009CFDF8 /* Protocols */ = {
			isa = PBXGroup;
			children = (
				D35C67FD217E3A0F009CFDF8 /* StoryboardBased.swift */,
			);
			path = Protocols;
			sourceTree = "<group>";
		};
		D35C67FF217E4459009CFDF8 /* Base.lproj */ = {
			isa = PBXGroup;
			children = (
				D35C6800217E4459009CFDF8 /* LaunchScreen.storyboard */,
				D35C6802217E4459009CFDF8 /* Main.storyboard */,
				D35C6804217E4459009CFDF8 /* Localizable.strings */,
				D35C6806217E4459009CFDF8 /* Localizable.stringsdict */,
			);
			path = Base.lproj;
			sourceTree = "<group>";
		};
		D35C6808217E4459009CFDF8 /* fr.lproj */ = {
			isa = PBXGroup;
			children = (
				D35C6809217E4459009CFDF8 /* Localizable.strings */,
				D35C680B217E4459009CFDF8 /* Localizable.stringsdict */,
			);
			path = fr.lproj;
			sourceTree = "<group>";
		};
		D390BB902180A80400492670 /* CollectionViewCells */ = {
			isa = PBXGroup;
			children = (
				D390BB912180A80F00492670 /* WeatherCell.swift */,
				D390BB932180A81700492670 /* WeatherCell.xib */,
			);
			path = CollectionViewCells;
			sourceTree = "<group>";
		};
		D3C047942181B60800F8BDDC /* Cells */ = {
			isa = PBXGroup;
			children = (
				D3C047952181B61D00F8BDDC /* CityHeaderCell.swift */,
				D3C047972181B65C00F8BDDC /* CityHeaderCell.xib */,
				D3C047992181B69100F8BDDC /* CityStatsCell.swift */,
				D3C0479B2181B6A200F8BDDC /* CityStatsCell.xib */,
				D3C0479D2181B6AF00F8BDDC /* CityForecastCell.swift */,
				D3C0479F2181B6E700F8BDDC /* CityForecastCell.xib */,
			);
			path = Cells;
			sourceTree = "<group>";
		};
/* End PBXGroup section */

/* Begin PBXNativeTarget section */
		D31CC315217E03CC00D6FFD1 /* Forcast */ = {
			isa = PBXNativeTarget;
			buildConfigurationList = D31CC341217E03CE00D6FFD1 /* Build configuration list for PBXNativeTarget "Forcast" */;
			buildPhases = (
				29608698C503F8AB83206541 /* [CP] Check Pods Manifest.lock */,
				D31CC312217E03CC00D6FFD1 /* Sources */,
				D31CC313217E03CC00D6FFD1 /* Frameworks */,
				D31CC314217E03CC00D6FFD1 /* Resources */,
				A20635DF23FD93C48F86BD82 /* [CP] Embed Pods Frameworks */,
				D35C67EE217E27C5009CFDF8 /* 🛠 SwiftGen */,
				D35C67EF217E27FD009CFDF8 /* ⚠️ Warn for TODOs on Analyze */,
				D35C67F0217E280D009CFDF8 /* ⚠️ SwiftLint */,
			);
			buildRules = (
			);
			dependencies = (
			);
			name = Forcast;
			productName = Forcast;
			productReference = D31CC316217E03CC00D6FFD1 /* Forcast.app */;
			productType = "com.apple.product-type.application";
		};
		D31CC32C217E03CE00D6FFD1 /* ForcastTests */ = {
			isa = PBXNativeTarget;
			buildConfigurationList = D31CC344217E03CE00D6FFD1 /* Build configuration list for PBXNativeTarget "ForcastTests" */;
			buildPhases = (
				2B3484747AE784B52C34D9CB /* [CP] Check Pods Manifest.lock */,
				D31CC329217E03CE00D6FFD1 /* Sources */,
				D31CC32A217E03CE00D6FFD1 /* Frameworks */,
				D31CC32B217E03CE00D6FFD1 /* Resources */,
			);
			buildRules = (
			);
			dependencies = (
				D31CC32F217E03CE00D6FFD1 /* PBXTargetDependency */,
			);
			name = ForcastTests;
			productName = ForcastTests;
			productReference = D31CC32D217E03CE00D6FFD1 /* ForcastTests.xctest */;
			productType = "com.apple.product-type.bundle.unit-test";
		};
		D31CC337217E03CE00D6FFD1 /* ForcastUITests */ = {
			isa = PBXNativeTarget;
			buildConfigurationList = D31CC347217E03CE00D6FFD1 /* Build configuration list for PBXNativeTarget "ForcastUITests" */;
			buildPhases = (
				26AE92BFC3FAB514D36C1962 /* [CP] Check Pods Manifest.lock */,
				D31CC334217E03CE00D6FFD1 /* Sources */,
				D31CC335217E03CE00D6FFD1 /* Frameworks */,
				D31CC336217E03CE00D6FFD1 /* Resources */,
			);
			buildRules = (
			);
			dependencies = (
				D31CC33A217E03CE00D6FFD1 /* PBXTargetDependency */,
			);
			name = ForcastUITests;
			productName = ForcastUITests;
			productReference = D31CC338217E03CE00D6FFD1 /* ForcastUITests.xctest */;
			productType = "com.apple.product-type.bundle.ui-testing";
		};
/* End PBXNativeTarget section */

/* Begin PBXProject section */
		D31CC30E217E03CC00D6FFD1 /* Project object */ = {
			isa = PBXProject;
			attributes = {
				LastSwiftUpdateCheck = 1000;
				LastUpgradeCheck = 1000;
				ORGANIZATIONNAME = "Romain Le Drogo";
				TargetAttributes = {
					D31CC315217E03CC00D6FFD1 = {
						CreatedOnToolsVersion = 10.0;
					};
					D31CC32C217E03CE00D6FFD1 = {
						CreatedOnToolsVersion = 10.0;
						TestTargetID = D31CC315217E03CC00D6FFD1;
					};
					D31CC337217E03CE00D6FFD1 = {
						CreatedOnToolsVersion = 10.0;
						TestTargetID = D31CC315217E03CC00D6FFD1;
					};
				};
			};
			buildConfigurationList = D31CC311217E03CC00D6FFD1 /* Build configuration list for PBXProject "Forcast" */;
			compatibilityVersion = "Xcode 9.3";
			developmentRegion = en;
			hasScannedForEncodings = 0;
			knownRegions = (
				en,
				Base,
				fr,
			);
			mainGroup = D31CC30D217E03CC00D6FFD1;
			productRefGroup = D31CC317217E03CC00D6FFD1 /* Products */;
			projectDirPath = "";
			projectRoot = "";
			targets = (
				D31CC315217E03CC00D6FFD1 /* Forcast */,
				D31CC32C217E03CE00D6FFD1 /* ForcastTests */,
				D31CC337217E03CE00D6FFD1 /* ForcastUITests */,
			);
		};
/* End PBXProject section */

/* Begin PBXResourcesBuildPhase section */
		D31CC314217E03CC00D6FFD1 /* Resources */ = {
			isa = PBXResourcesBuildPhase;
			buildActionMask = 2147483647;
			files = (
				D35C67FA217E3948009CFDF8 /* AddCityViewController.storyboard in Resources */,
				D35C67EA217E25E7009CFDF8 /* LaunchScreen.storyboard in Resources */,
				D35C6811217E4459009CFDF8 /* Localizable.strings in Resources */,
				D390BB89217F7C0E00492670 /* FooterView.xib in Resources */,
				D35C67E9217E25E7009CFDF8 /* Assets.xcassets in Resources */,
				D35C6810217E4459009CFDF8 /* Localizable.stringsdict in Resources */,
				D35C6812217E4459009CFDF8 /* Localizable.stringsdict in Resources */,
				D35C680E217E4459009CFDF8 /* Main.storyboard in Resources */,
				D390BB8D217F7C4400492670 /* CityCell.xib in Resources */,
				D35C680F217E4459009CFDF8 /* Localizable.strings in Resources */,
				D35C67F8217E38F1009CFDF8 /* CitiesViewController.storyboard in Resources */,
				D3C047982181B65C00F8BDDC /* CityHeaderCell.xib in Resources */,
				D35C680D217E4459009CFDF8 /* LaunchScreen.storyboard in Resources */,
				D3C047A02181B6E700F8BDDC /* CityForecastCell.xib in Resources */,
				D35C67E4217E25E7009CFDF8 /* colors.xml in Resources */,
				D390BB982180ABF900492670 /* WeatherBubbleInfoView.xib in Resources */,
				D35C67EB217E25E7009CFDF8 /* Main.storyboard in Resources */,
				D3C0479C2181B6A200F8BDDC /* CityStatsCell.xib in Resources */,
				D390BB942180A81700492670 /* WeatherCell.xib in Resources */,
				D3C047932180CB6C00F8BDDC /* CityViewController.storyboard in Resources */,
			);
			runOnlyForDeploymentPostprocessing = 0;
		};
		D31CC32B217E03CE00D6FFD1 /* Resources */ = {
			isa = PBXResourcesBuildPhase;
			buildActionMask = 2147483647;
			files = (
			);
			runOnlyForDeploymentPostprocessing = 0;
		};
		D31CC336217E03CE00D6FFD1 /* Resources */ = {
			isa = PBXResourcesBuildPhase;
			buildActionMask = 2147483647;
			files = (
			);
			runOnlyForDeploymentPostprocessing = 0;
		};
/* End PBXResourcesBuildPhase section */

/* Begin PBXShellScriptBuildPhase section */
		26AE92BFC3FAB514D36C1962 /* [CP] Check Pods Manifest.lock */ = {
			isa = PBXShellScriptBuildPhase;
			buildActionMask = 2147483647;
			files = (
			);
			inputFileListPaths = (
			);
			inputPaths = (
				"${PODS_PODFILE_DIR_PATH}/Podfile.lock",
				"${PODS_ROOT}/Manifest.lock",
			);
			name = "[CP] Check Pods Manifest.lock";
			outputFileListPaths = (
			);
			outputPaths = (
				"$(DERIVED_FILE_DIR)/Pods-ForcastUITests-checkManifestLockResult.txt",
			);
			runOnlyForDeploymentPostprocessing = 0;
			shellPath = /bin/sh;
			shellScript = "diff \"${PODS_PODFILE_DIR_PATH}/Podfile.lock\" \"${PODS_ROOT}/Manifest.lock\" > /dev/null\nif [ $? != 0 ] ; then\n    # print error to STDERR\n    echo \"error: The sandbox is not in sync with the Podfile.lock. Run 'pod install' or update your CocoaPods installation.\" >&2\n    exit 1\nfi\n# This output is used by Xcode 'outputs' to avoid re-running this script phase.\necho \"SUCCESS\" > \"${SCRIPT_OUTPUT_FILE_0}\"\n";
			showEnvVarsInLog = 0;
		};
		29608698C503F8AB83206541 /* [CP] Check Pods Manifest.lock */ = {
			isa = PBXShellScriptBuildPhase;
			buildActionMask = 2147483647;
			files = (
			);
			inputFileListPaths = (
			);
			inputPaths = (
				"${PODS_PODFILE_DIR_PATH}/Podfile.lock",
				"${PODS_ROOT}/Manifest.lock",
			);
			name = "[CP] Check Pods Manifest.lock";
			outputFileListPaths = (
			);
			outputPaths = (
				"$(DERIVED_FILE_DIR)/Pods-Forcast-checkManifestLockResult.txt",
			);
			runOnlyForDeploymentPostprocessing = 0;
			shellPath = /bin/sh;
			shellScript = "diff \"${PODS_PODFILE_DIR_PATH}/Podfile.lock\" \"${PODS_ROOT}/Manifest.lock\" > /dev/null\nif [ $? != 0 ] ; then\n    # print error to STDERR\n    echo \"error: The sandbox is not in sync with the Podfile.lock. Run 'pod install' or update your CocoaPods installation.\" >&2\n    exit 1\nfi\n# This output is used by Xcode 'outputs' to avoid re-running this script phase.\necho \"SUCCESS\" > \"${SCRIPT_OUTPUT_FILE_0}\"\n";
			showEnvVarsInLog = 0;
		};
		2B3484747AE784B52C34D9CB /* [CP] Check Pods Manifest.lock */ = {
			isa = PBXShellScriptBuildPhase;
			buildActionMask = 2147483647;
			files = (
			);
			inputFileListPaths = (
			);
			inputPaths = (
				"${PODS_PODFILE_DIR_PATH}/Podfile.lock",
				"${PODS_ROOT}/Manifest.lock",
			);
			name = "[CP] Check Pods Manifest.lock";
			outputFileListPaths = (
			);
			outputPaths = (
				"$(DERIVED_FILE_DIR)/Pods-ForcastTests-checkManifestLockResult.txt",
			);
			runOnlyForDeploymentPostprocessing = 0;
			shellPath = /bin/sh;
			shellScript = "diff \"${PODS_PODFILE_DIR_PATH}/Podfile.lock\" \"${PODS_ROOT}/Manifest.lock\" > /dev/null\nif [ $? != 0 ] ; then\n    # print error to STDERR\n    echo \"error: The sandbox is not in sync with the Podfile.lock. Run 'pod install' or update your CocoaPods installation.\" >&2\n    exit 1\nfi\n# This output is used by Xcode 'outputs' to avoid re-running this script phase.\necho \"SUCCESS\" > \"${SCRIPT_OUTPUT_FILE_0}\"\n";
			showEnvVarsInLog = 0;
		};
		A20635DF23FD93C48F86BD82 /* [CP] Embed Pods Frameworks */ = {
			isa = PBXShellScriptBuildPhase;
			buildActionMask = 2147483647;
			files = (
			);
			inputFileListPaths = (
			);
			inputPaths = (
				"${SRCROOT}/Pods/Target Support Files/Pods-Forcast/Pods-Forcast-frameworks.sh",
				"${BUILT_PRODUCTS_DIR}/Alamofire/Alamofire.framework",
				"${BUILT_PRODUCTS_DIR}/Realm/Realm.framework",
				"${BUILT_PRODUCTS_DIR}/RealmSwift/RealmSwift.framework",
				"${BUILT_PRODUCTS_DIR}/Reusable/Reusable.framework",
				"${BUILT_PRODUCTS_DIR}/RxCocoa/RxCocoa.framework",
				"${BUILT_PRODUCTS_DIR}/RxSwift/RxSwift.framework",
				"${BUILT_PRODUCTS_DIR}/SwiftyBeaver/SwiftyBeaver.framework",
			);
			name = "[CP] Embed Pods Frameworks";
			outputFileListPaths = (
			);
			outputPaths = (
				"${TARGET_BUILD_DIR}/${FRAMEWORKS_FOLDER_PATH}/Alamofire.framework",
				"${TARGET_BUILD_DIR}/${FRAMEWORKS_FOLDER_PATH}/Realm.framework",
				"${TARGET_BUILD_DIR}/${FRAMEWORKS_FOLDER_PATH}/RealmSwift.framework",
				"${TARGET_BUILD_DIR}/${FRAMEWORKS_FOLDER_PATH}/Reusable.framework",
				"${TARGET_BUILD_DIR}/${FRAMEWORKS_FOLDER_PATH}/RxCocoa.framework",
				"${TARGET_BUILD_DIR}/${FRAMEWORKS_FOLDER_PATH}/RxSwift.framework",
				"${TARGET_BUILD_DIR}/${FRAMEWORKS_FOLDER_PATH}/SwiftyBeaver.framework",
			);
			runOnlyForDeploymentPostprocessing = 0;
			shellPath = /bin/sh;
			shellScript = "\"${SRCROOT}/Pods/Target Support Files/Pods-Forcast/Pods-Forcast-frameworks.sh\"\n";
			showEnvVarsInLog = 0;
		};
		D35C67EE217E27C5009CFDF8 /* 🛠 SwiftGen */ = {
			isa = PBXShellScriptBuildPhase;
			buildActionMask = 2147483647;
			files = (
			);
			inputFileListPaths = (
			);
			inputPaths = (
			);
			name = "🛠 SwiftGen";
			outputFileListPaths = (
			);
			outputPaths = (
			);
			runOnlyForDeploymentPostprocessing = 0;
			shellPath = /bin/sh;
			shellScript = "if which swiftgen >/dev/null; then\nSRCDIR=\"$PROJECT_DIR/$PROJECT_NAME\"\nswiftgen storyboards \"$SRCDIR\" -t swift4 --output \"$SRCDIR/Constants/Storyboards.swift\"\nswiftgen xcassets \"$SRCDIR/Resources/Assets.xcassets\"  -t swift4 --output \"$SRCDIR/Constants/Images.swift\"\nswiftgen strings \"$SRCDIR/Resources/Base.lproj/Localizable.strings\" -t structured-swift3 --output \"$SRCDIR/Constants/Strings.swift\"\nswiftgen colors \"$SRCDIR/Constants/colors.xml\" -t swift4 --output \"$SRCDIR/Constants/Colors.swift\"\nelse\necho \"warning: SwiftGen not installed, download it from https://github.com/AliSoftware/SwiftGen\"\nfi\n";
		};
		D35C67EF217E27FD009CFDF8 /* ⚠️ Warn for TODOs on Analyze */ = {
			isa = PBXShellScriptBuildPhase;
			buildActionMask = 2147483647;
			files = (
			);
			inputFileListPaths = (
			);
			inputPaths = (
			);
			name = "⚠️ Warn for TODOs on Analyze";
			outputFileListPaths = (
			);
			outputPaths = (
			);
			runOnlyForDeploymentPostprocessing = 0;
			shellPath = /bin/sh;
			shellScript = "if [ \"${RUN_CLANG_STATIC_ANALYZER}\" == \"YES\" ]; then\necho \"Printing TODOs as warnings...\"\ngrep -n -R --include '*.swift' --exclude-dir Pods -E '.*// *(TODO|FIXME|\\?\\?\\?|\\!\\!\\!): (.*)$' \"$PROJECT_DIR\" | sed -n s%': *// '%': warning: '%p\nfi\n\n# TAGS=\"TODO|FIXME\"\n# find \"${SRCROOT}\" \\( -name \"*.swift\" \\) -print0 | xargs -0 egrep --with-filename --line-number --only-matching \"($TAGS).*\\$\" | perl -p -e \"s/($TAGS)/ warning: \\$1/\"\n";
		};
		D35C67F0217E280D009CFDF8 /* ⚠️ SwiftLint */ = {
			isa = PBXShellScriptBuildPhase;
			buildActionMask = 2147483647;
			files = (
			);
			inputFileListPaths = (
			);
			inputPaths = (
			);
			name = "⚠️ SwiftLint";
			outputFileListPaths = (
			);
			outputPaths = (
			);
			runOnlyForDeploymentPostprocessing = 0;
			shellPath = /bin/sh;
			shellScript = "if which swiftlint > /dev/null; then\nswiftlint\nelse\necho \"warning: SwiftLint not installed, download from https://github.com/realm/SwiftLint\"\nfi\n";
		};
/* End PBXShellScriptBuildPhase section */

/* Begin PBXSourcesBuildPhase section */
		D31CC312217E03CC00D6FFD1 /* Sources */ = {
			isa = PBXSourcesBuildPhase;
			buildActionMask = 2147483647;
			files = (
				D35C67E8217E25E7009CFDF8 /* ViewController.swift in Sources */,
				D35C6828217F6E6A009CFDF8 /* WebServices.swift in Sources */,
				D35C67E5217E25E7009CFDF8 /* Storyboards.swift in Sources */,
				D35C67E7217E25E7009CFDF8 /* Colors.swift in Sources */,
				D35C67F4217E383A009CFDF8 /* CitiesViewController.swift in Sources */,
				D390BB922180A80F00492670 /* WeatherCell.swift in Sources */,
				D35C682C217F7320009CFDF8 /* Realm.swift in Sources */,
				D35C681E217F51C4009CFDF8 /* FCClouds.swift in Sources */,
				D35C6820217F51CB009CFDF8 /* FCWind.swift in Sources */,
				D35C67FE217E3A0F009CFDF8 /* StoryboardBased.swift in Sources */,
				D35C681A217F518D009CFDF8 /* FCMain.swift in Sources */,
				D35C6814217F0FD1009CFDF8 /* FCCity.swift in Sources */,
				D390BB87217F7BFC00492670 /* FooterView.swift in Sources */,
				D390BB8F21809A0300492670 /* UserDefaults.swift in Sources */,
				D3C0479A2181B69100F8BDDC /* CityStatsCell.swift in Sources */,
				D3C0479E2181B6AF00F8BDDC /* CityForecastCell.swift in Sources */,
				D35C67EC217E25E7009CFDF8 /* Forcast.xcdatamodeld in Sources */,
				D35C6824217F6E3C009CFDF8 /* Environment.swift in Sources */,
				D390BB8B217F7C3D00492670 /* CityCell.swift in Sources */,
				D3C047962181B61D00F8BDDC /* CityHeaderCell.swift in Sources */,
				D35C6822217F52E6009CFDF8 /* FCRain.swift in Sources */,
				D35C6818217F516D009CFDF8 /* FCCoord.swift in Sources */,
				D390BB962180ABE800492670 /* WeatherBubbleInfoView.swift in Sources */,
				D3C047912180CB5C00F8BDDC /* CityViewController.swift in Sources */,
				D35C67F2217E37F9009CFDF8 /* AppCoordinator.swift in Sources */,
				D35C681C217F5199009CFDF8 /* FCAnalysis.swift in Sources */,
				D35C67F6217E38CB009CFDF8 /* Logs.swift in Sources */,
				D35C6816217F0FDF009CFDF8 /* FCWeather.swift in Sources */,
				D35C67FC217E3956009CFDF8 /* AddCityViewController.swift in Sources */,
				D35C682A217F6E8E009CFDF8 /* JSONSerializer.swift in Sources */,
				D35C67E6217E25E7009CFDF8 /* Images.swift in Sources */,
				D35C6826217F6E52009CFDF8 /* Routes.swift in Sources */,
				D35C67E3217E25E7009CFDF8 /* Strings.swift in Sources */,
				D31CC31A217E03CC00D6FFD1 /* AppDelegate.swift in Sources */,
			);
			runOnlyForDeploymentPostprocessing = 0;
		};
		D31CC329217E03CE00D6FFD1 /* Sources */ = {
			isa = PBXSourcesBuildPhase;
			buildActionMask = 2147483647;
			files = (
				D31CC332217E03CE00D6FFD1 /* ForcastTests.swift in Sources */,
			);
			runOnlyForDeploymentPostprocessing = 0;
		};
		D31CC334217E03CE00D6FFD1 /* Sources */ = {
			isa = PBXSourcesBuildPhase;
			buildActionMask = 2147483647;
			files = (
				D31CC33D217E03CE00D6FFD1 /* ForcastUITests.swift in Sources */,
			);
			runOnlyForDeploymentPostprocessing = 0;
		};
/* End PBXSourcesBuildPhase section */

/* Begin PBXTargetDependency section */
		D31CC32F217E03CE00D6FFD1 /* PBXTargetDependency */ = {
			isa = PBXTargetDependency;
			target = D31CC315217E03CC00D6FFD1 /* Forcast */;
			targetProxy = D31CC32E217E03CE00D6FFD1 /* PBXContainerItemProxy */;
		};
		D31CC33A217E03CE00D6FFD1 /* PBXTargetDependency */ = {
			isa = PBXTargetDependency;
			target = D31CC315217E03CC00D6FFD1 /* Forcast */;
			targetProxy = D31CC339217E03CE00D6FFD1 /* PBXContainerItemProxy */;
		};
/* End PBXTargetDependency section */

/* Begin PBXVariantGroup section */
		D35C67DA217E25E7009CFDF8 /* LaunchScreen.storyboard */ = {
			isa = PBXVariantGroup;
			children = (
				D35C67DB217E25E7009CFDF8 /* Base */,
			);
			name = LaunchScreen.storyboard;
			sourceTree = "<group>";
		};
		D35C67DC217E25E7009CFDF8 /* Main.storyboard */ = {
			isa = PBXVariantGroup;
			children = (
				D35C67DD217E25E7009CFDF8 /* Base */,
			);
			name = Main.storyboard;
			sourceTree = "<group>";
		};
		D35C6800217E4459009CFDF8 /* LaunchScreen.storyboard */ = {
			isa = PBXVariantGroup;
			children = (
				D35C6801217E4459009CFDF8 /* Base */,
			);
			name = LaunchScreen.storyboard;
			sourceTree = "<group>";
		};
		D35C6802217E4459009CFDF8 /* Main.storyboard */ = {
			isa = PBXVariantGroup;
			children = (
				D35C6803217E4459009CFDF8 /* Base */,
			);
			name = Main.storyboard;
			sourceTree = "<group>";
		};
		D35C6804217E4459009CFDF8 /* Localizable.strings */ = {
			isa = PBXVariantGroup;
			children = (
				D35C6805217E4459009CFDF8 /* Base */,
			);
			name = Localizable.strings;
			sourceTree = "<group>";
		};
		D35C6806217E4459009CFDF8 /* Localizable.stringsdict */ = {
			isa = PBXVariantGroup;
			children = (
				D35C6807217E4459009CFDF8 /* Base */,
			);
			name = Localizable.stringsdict;
			sourceTree = "<group>";
		};
		D35C6809217E4459009CFDF8 /* Localizable.strings */ = {
			isa = PBXVariantGroup;
			children = (
				D35C680A217E4459009CFDF8 /* fr */,
			);
			name = Localizable.strings;
			sourceTree = "<group>";
		};
		D35C680B217E4459009CFDF8 /* Localizable.stringsdict */ = {
			isa = PBXVariantGroup;
			children = (
				D35C680C217E4459009CFDF8 /* fr */,
			);
			name = Localizable.stringsdict;
			sourceTree = "<group>";
		};
/* End PBXVariantGroup section */

/* Begin XCBuildConfiguration section */
		D31CC33F217E03CE00D6FFD1 /* Debug */ = {
			isa = XCBuildConfiguration;
			buildSettings = {
				ALWAYS_SEARCH_USER_PATHS = NO;
				CLANG_ANALYZER_NONNULL = YES;
				CLANG_ANALYZER_NUMBER_OBJECT_CONVERSION = YES_AGGRESSIVE;
				CLANG_CXX_LANGUAGE_STANDARD = "gnu++14";
				CLANG_CXX_LIBRARY = "libc++";
				CLANG_ENABLE_MODULES = YES;
				CLANG_ENABLE_OBJC_ARC = YES;
				CLANG_ENABLE_OBJC_WEAK = YES;
				CLANG_WARN_BLOCK_CAPTURE_AUTORELEASING = YES;
				CLANG_WARN_BOOL_CONVERSION = YES;
				CLANG_WARN_COMMA = YES;
				CLANG_WARN_CONSTANT_CONVERSION = YES;
				CLANG_WARN_DEPRECATED_OBJC_IMPLEMENTATIONS = YES;
				CLANG_WARN_DIRECT_OBJC_ISA_USAGE = YES_ERROR;
				CLANG_WARN_DOCUMENTATION_COMMENTS = YES;
				CLANG_WARN_EMPTY_BODY = YES;
				CLANG_WARN_ENUM_CONVERSION = YES;
				CLANG_WARN_INFINITE_RECURSION = YES;
				CLANG_WARN_INT_CONVERSION = YES;
				CLANG_WARN_NON_LITERAL_NULL_CONVERSION = YES;
				CLANG_WARN_OBJC_IMPLICIT_RETAIN_SELF = YES;
				CLANG_WARN_OBJC_LITERAL_CONVERSION = YES;
				CLANG_WARN_OBJC_ROOT_CLASS = YES_ERROR;
				CLANG_WARN_RANGE_LOOP_ANALYSIS = YES;
				CLANG_WARN_STRICT_PROTOTYPES = YES;
				CLANG_WARN_SUSPICIOUS_MOVE = YES;
				CLANG_WARN_UNGUARDED_AVAILABILITY = YES_AGGRESSIVE;
				CLANG_WARN_UNREACHABLE_CODE = YES;
				CLANG_WARN__DUPLICATE_METHOD_MATCH = YES;
				CODE_SIGN_IDENTITY = "iPhone Developer";
				COPY_PHASE_STRIP = NO;
				DEBUG_INFORMATION_FORMAT = dwarf;
				ENABLE_STRICT_OBJC_MSGSEND = YES;
				ENABLE_TESTABILITY = YES;
				GCC_C_LANGUAGE_STANDARD = gnu11;
				GCC_DYNAMIC_NO_PIC = NO;
				GCC_NO_COMMON_BLOCKS = YES;
				GCC_OPTIMIZATION_LEVEL = 0;
				GCC_PREPROCESSOR_DEFINITIONS = (
					"DEBUG=1",
					"$(inherited)",
				);
				GCC_WARN_64_TO_32_BIT_CONVERSION = YES;
				GCC_WARN_ABOUT_RETURN_TYPE = YES_ERROR;
				GCC_WARN_UNDECLARED_SELECTOR = YES;
				GCC_WARN_UNINITIALIZED_AUTOS = YES_AGGRESSIVE;
				GCC_WARN_UNUSED_FUNCTION = YES;
				GCC_WARN_UNUSED_VARIABLE = YES;
				IPHONEOS_DEPLOYMENT_TARGET = 12.0;
				MTL_ENABLE_DEBUG_INFO = INCLUDE_SOURCE;
				MTL_FAST_MATH = YES;
				ONLY_ACTIVE_ARCH = YES;
				SDKROOT = iphoneos;
				SWIFT_ACTIVE_COMPILATION_CONDITIONS = DEBUG;
				SWIFT_OPTIMIZATION_LEVEL = "-Onone";
			};
			name = Debug;
		};
		D31CC340217E03CE00D6FFD1 /* Release */ = {
			isa = XCBuildConfiguration;
			buildSettings = {
				ALWAYS_SEARCH_USER_PATHS = NO;
				CLANG_ANALYZER_NONNULL = YES;
				CLANG_ANALYZER_NUMBER_OBJECT_CONVERSION = YES_AGGRESSIVE;
				CLANG_CXX_LANGUAGE_STANDARD = "gnu++14";
				CLANG_CXX_LIBRARY = "libc++";
				CLANG_ENABLE_MODULES = YES;
				CLANG_ENABLE_OBJC_ARC = YES;
				CLANG_ENABLE_OBJC_WEAK = YES;
				CLANG_WARN_BLOCK_CAPTURE_AUTORELEASING = YES;
				CLANG_WARN_BOOL_CONVERSION = YES;
				CLANG_WARN_COMMA = YES;
				CLANG_WARN_CONSTANT_CONVERSION = YES;
				CLANG_WARN_DEPRECATED_OBJC_IMPLEMENTATIONS = YES;
				CLANG_WARN_DIRECT_OBJC_ISA_USAGE = YES_ERROR;
				CLANG_WARN_DOCUMENTATION_COMMENTS = YES;
				CLANG_WARN_EMPTY_BODY = YES;
				CLANG_WARN_ENUM_CONVERSION = YES;
				CLANG_WARN_INFINITE_RECURSION = YES;
				CLANG_WARN_INT_CONVERSION = YES;
				CLANG_WARN_NON_LITERAL_NULL_CONVERSION = YES;
				CLANG_WARN_OBJC_IMPLICIT_RETAIN_SELF = YES;
				CLANG_WARN_OBJC_LITERAL_CONVERSION = YES;
				CLANG_WARN_OBJC_ROOT_CLASS = YES_ERROR;
				CLANG_WARN_RANGE_LOOP_ANALYSIS = YES;
				CLANG_WARN_STRICT_PROTOTYPES = YES;
				CLANG_WARN_SUSPICIOUS_MOVE = YES;
				CLANG_WARN_UNGUARDED_AVAILABILITY = YES_AGGRESSIVE;
				CLANG_WARN_UNREACHABLE_CODE = YES;
				CLANG_WARN__DUPLICATE_METHOD_MATCH = YES;
				CODE_SIGN_IDENTITY = "iPhone Developer";
				COPY_PHASE_STRIP = NO;
				DEBUG_INFORMATION_FORMAT = "dwarf-with-dsym";
				ENABLE_NS_ASSERTIONS = NO;
				ENABLE_STRICT_OBJC_MSGSEND = YES;
				GCC_C_LANGUAGE_STANDARD = gnu11;
				GCC_NO_COMMON_BLOCKS = YES;
				GCC_WARN_64_TO_32_BIT_CONVERSION = YES;
				GCC_WARN_ABOUT_RETURN_TYPE = YES_ERROR;
				GCC_WARN_UNDECLARED_SELECTOR = YES;
				GCC_WARN_UNINITIALIZED_AUTOS = YES_AGGRESSIVE;
				GCC_WARN_UNUSED_FUNCTION = YES;
				GCC_WARN_UNUSED_VARIABLE = YES;
				IPHONEOS_DEPLOYMENT_TARGET = 12.0;
				MTL_ENABLE_DEBUG_INFO = NO;
				MTL_FAST_MATH = YES;
				SDKROOT = iphoneos;
				SWIFT_COMPILATION_MODE = wholemodule;
				SWIFT_OPTIMIZATION_LEVEL = "-O";
				VALIDATE_PRODUCT = YES;
			};
			name = Release;
		};
		D31CC342217E03CE00D6FFD1 /* Debug */ = {
			isa = XCBuildConfiguration;
			baseConfigurationReference = 9E6A06FC154526577D54C02A /* Pods-Forcast.debug.xcconfig */;
			buildSettings = {
				ASSETCATALOG_COMPILER_APPICON_NAME = AppIcon;
				CODE_SIGN_STYLE = Automatic;
				DEVELOPMENT_TEAM = 3TUS34BN3H;
				INFOPLIST_FILE = "$(SRCROOT)/Forcast/Resources/Info.plist";
				LD_RUNPATH_SEARCH_PATHS = (
					"$(inherited)",
					"@executable_path/Frameworks",
				);
				PRODUCT_BUNDLE_IDENTIFIER = fr.ledrogo.Forcast;
				PRODUCT_NAME = "$(TARGET_NAME)";
				SWIFT_VERSION = 4.2;
				TARGETED_DEVICE_FAMILY = "1,2";
			};
			name = Debug;
		};
		D31CC343217E03CE00D6FFD1 /* Release */ = {
			isa = XCBuildConfiguration;
			baseConfigurationReference = 9A7BFDC8ADDA58B423AA0BCA /* Pods-Forcast.release.xcconfig */;
			buildSettings = {
				ASSETCATALOG_COMPILER_APPICON_NAME = AppIcon;
				CODE_SIGN_STYLE = Automatic;
				DEVELOPMENT_TEAM = 3TUS34BN3H;
				INFOPLIST_FILE = "$(SRCROOT)/Forcast/Resources/Info.plist";
				LD_RUNPATH_SEARCH_PATHS = (
					"$(inherited)",
					"@executable_path/Frameworks",
				);
				PRODUCT_BUNDLE_IDENTIFIER = fr.ledrogo.Forcast;
				PRODUCT_NAME = "$(TARGET_NAME)";
				SWIFT_VERSION = 4.2;
				TARGETED_DEVICE_FAMILY = "1,2";
			};
			name = Release;
		};
		D31CC345217E03CE00D6FFD1 /* Debug */ = {
			isa = XCBuildConfiguration;
			baseConfigurationReference = 15DC27BF51AD7960F7FBB229 /* Pods-ForcastTests.debug.xcconfig */;
			buildSettings = {
				ALWAYS_EMBED_SWIFT_STANDARD_LIBRARIES = YES;
				BUNDLE_LOADER = "$(TEST_HOST)";
				CODE_SIGN_STYLE = Automatic;
				DEVELOPMENT_TEAM = 3TUS34BN3H;
				INFOPLIST_FILE = ForcastTests/Info.plist;
				LD_RUNPATH_SEARCH_PATHS = (
					"$(inherited)",
					"@executable_path/Frameworks",
					"@loader_path/Frameworks",
				);
				PRODUCT_BUNDLE_IDENTIFIER = fr.ledrogo.ForcastTests;
				PRODUCT_NAME = "$(TARGET_NAME)";
				SWIFT_VERSION = 4.2;
				TARGETED_DEVICE_FAMILY = "1,2";
				TEST_HOST = "$(BUILT_PRODUCTS_DIR)/Forcast.app/Forcast";
			};
			name = Debug;
		};
		D31CC346217E03CE00D6FFD1 /* Release */ = {
			isa = XCBuildConfiguration;
			baseConfigurationReference = DCC0A191C87C94C707CE9575 /* Pods-ForcastTests.release.xcconfig */;
			buildSettings = {
				ALWAYS_EMBED_SWIFT_STANDARD_LIBRARIES = YES;
				BUNDLE_LOADER = "$(TEST_HOST)";
				CODE_SIGN_STYLE = Automatic;
				DEVELOPMENT_TEAM = 3TUS34BN3H;
				INFOPLIST_FILE = ForcastTests/Info.plist;
				LD_RUNPATH_SEARCH_PATHS = (
					"$(inherited)",
					"@executable_path/Frameworks",
					"@loader_path/Frameworks",
				);
				PRODUCT_BUNDLE_IDENTIFIER = fr.ledrogo.ForcastTests;
				PRODUCT_NAME = "$(TARGET_NAME)";
				SWIFT_VERSION = 4.2;
				TARGETED_DEVICE_FAMILY = "1,2";
				TEST_HOST = "$(BUILT_PRODUCTS_DIR)/Forcast.app/Forcast";
			};
			name = Release;
		};
		D31CC348217E03CE00D6FFD1 /* Debug */ = {
			isa = XCBuildConfiguration;
			baseConfigurationReference = FB036E52D18AE386E00DC421 /* Pods-ForcastUITests.debug.xcconfig */;
			buildSettings = {
				ALWAYS_EMBED_SWIFT_STANDARD_LIBRARIES = YES;
				CODE_SIGN_STYLE = Automatic;
				DEVELOPMENT_TEAM = 3TUS34BN3H;
				INFOPLIST_FILE = ForcastUITests/Info.plist;
				LD_RUNPATH_SEARCH_PATHS = (
					"$(inherited)",
					"@executable_path/Frameworks",
					"@loader_path/Frameworks",
				);
				PRODUCT_BUNDLE_IDENTIFIER = fr.ledrogo.ForcastUITests;
				PRODUCT_NAME = "$(TARGET_NAME)";
				SWIFT_VERSION = 4.2;
				TARGETED_DEVICE_FAMILY = "1,2";
				TEST_TARGET_NAME = Forcast;
			};
			name = Debug;
		};
		D31CC349217E03CE00D6FFD1 /* Release */ = {
			isa = XCBuildConfiguration;
			baseConfigurationReference = 21CE666612063207E7871EB1 /* Pods-ForcastUITests.release.xcconfig */;
			buildSettings = {
				ALWAYS_EMBED_SWIFT_STANDARD_LIBRARIES = YES;
				CODE_SIGN_STYLE = Automatic;
				DEVELOPMENT_TEAM = 3TUS34BN3H;
				INFOPLIST_FILE = ForcastUITests/Info.plist;
				LD_RUNPATH_SEARCH_PATHS = (
					"$(inherited)",
					"@executable_path/Frameworks",
					"@loader_path/Frameworks",
				);
				PRODUCT_BUNDLE_IDENTIFIER = fr.ledrogo.ForcastUITests;
				PRODUCT_NAME = "$(TARGET_NAME)";
				SWIFT_VERSION = 4.2;
				TARGETED_DEVICE_FAMILY = "1,2";
				TEST_TARGET_NAME = Forcast;
			};
			name = Release;
		};
/* End XCBuildConfiguration section */

/* Begin XCConfigurationList section */
		D31CC311217E03CC00D6FFD1 /* Build configuration list for PBXProject "Forcast" */ = {
			isa = XCConfigurationList;
			buildConfigurations = (
				D31CC33F217E03CE00D6FFD1 /* Debug */,
				D31CC340217E03CE00D6FFD1 /* Release */,
			);
			defaultConfigurationIsVisible = 0;
			defaultConfigurationName = Release;
		};
		D31CC341217E03CE00D6FFD1 /* Build configuration list for PBXNativeTarget "Forcast" */ = {
			isa = XCConfigurationList;
			buildConfigurations = (
				D31CC342217E03CE00D6FFD1 /* Debug */,
				D31CC343217E03CE00D6FFD1 /* Release */,
			);
			defaultConfigurationIsVisible = 0;
			defaultConfigurationName = Release;
		};
		D31CC344217E03CE00D6FFD1 /* Build configuration list for PBXNativeTarget "ForcastTests" */ = {
			isa = XCConfigurationList;
			buildConfigurations = (
				D31CC345217E03CE00D6FFD1 /* Debug */,
				D31CC346217E03CE00D6FFD1 /* Release */,
			);
			defaultConfigurationIsVisible = 0;
			defaultConfigurationName = Release;
		};
		D31CC347217E03CE00D6FFD1 /* Build configuration list for PBXNativeTarget "ForcastUITests" */ = {
			isa = XCConfigurationList;
			buildConfigurations = (
				D31CC348217E03CE00D6FFD1 /* Debug */,
				D31CC349217E03CE00D6FFD1 /* Release */,
			);
			defaultConfigurationIsVisible = 0;
			defaultConfigurationName = Release;
		};
/* End XCConfigurationList section */

/* Begin XCVersionGroup section */
		D35C67DE217E25E7009CFDF8 /* Forcast.xcdatamodeld */ = {
			isa = XCVersionGroup;
			children = (
				D35C67DF217E25E7009CFDF8 /* Forcast.xcdatamodel */,
			);
			currentVersion = D35C67DF217E25E7009CFDF8 /* Forcast.xcdatamodel */;
			path = Forcast.xcdatamodeld;
			sourceTree = "<group>";
			versionGroupType = wrapper.xcdatamodel;
		};
/* End XCVersionGroup section */
	};
	rootObject = D31CC30E217E03CC00D6FFD1 /* Project object */;
}
